
Microsoft Visual Studio Solution File, Format Version 12.00
# Visual Studio Version 17
VisualStudioVersion = 17.10.35013.160
MinimumVisualStudioVersion = 10.0.40219.1
Project("{9A19103F-16F7-4668-BE54-9A1E7A4F7556}") = "SIDICOLMS.Domain", "SIDICOLMS.Domain\SIDICOLMS.Domain.csproj", "{9845201A-6C33-4C30-8E7E-184F54FB50C7}"
EndProject
Project("{9A19103F-16F7-4668-BE54-9A1E7A4F7556}") = "SIDICOLMS.Infrastructure", "SIDICOLMS.Infrastructure\SIDICOLMS.Infrastructure.csproj", "{887F72BC-A40D-4013-A271-B129611AA735}"
EndProject
Project("{9A19103F-16F7-4668-BE54-9A1E7A4F7556}") = "SIDICOLMS.Application", "SIDICOLMS.Application\SIDICOLMS.Application.csproj", "{EFFD5BA6-B5C2-4DDB-A3C9-FA6EF3E7A6FA}"
EndProject
Project("{9A19103F-16F7-4668-BE54-9A1E7A4F7556}") = "SIDICOLMS.Api", "SIDICOLMS.Api\SIDICOLMS.Api.csproj", "{D7BDDC0C-8F7F-4C18-B18E-80F0CA56B0C4}"
EndProject
Project("{9A19103F-16F7-4668-BE54-9A1E7A4F7556}") = "SIDICO.Test", "SIDICO.Test\SIDICO.Test.csproj", "{9301B12A-86C5-494C-A757-ED14E04CDAB8}"
EndProject
Project("{2150E333-8FDC-42A3-9474-1A3956D46DE8}") = "Solution Items", "Solution Items", "{91C954F3-74B9-42F1-BAD5-B0D65642D0DD}"
	ProjectSection(SolutionItems) = preProject
		.editorconfig = .editorconfig
	EndProjectSection
EndProject
Global
	GlobalSection(SolutionConfigurationPlatforms) = preSolution
		Debug|Any CPU = Debug|Any CPU
		Release|Any CPU = Release|Any CPU
	EndGlobalSection
	GlobalSection(ProjectConfigurationPlatforms) = postSolution
		{9845201A-6C33-4C30-8E7E-184F54FB50C7}.Debug|Any CPU.ActiveCfg = Debug|Any CPU
		{9845201A-6C33-4C30-8E7E-184F54FB50C7}.Debug|Any CPU.Build.0 = Debug|Any CPU
		{9845201A-6C33-4C30-8E7E-184F54FB50C7}.Release|Any CPU.ActiveCfg = Release|Any CPU
		{9845201A-6C33-4C30-8E7E-184F54FB50C7}.Release|Any CPU.Build.0 = Release|Any CPU
		{887F72BC-A40D-4013-A271-B129611AA735}.Debug|Any CPU.ActiveCfg = Debug|Any CPU
		{887F72BC-A40D-4013-A271-B129611AA735}.Debug|Any CPU.Build.0 = Debug|Any CPU
		{887F72BC-A40D-4013-A271-B129611AA735}.Release|Any CPU.ActiveCfg = Release|Any CPU
		{887F72BC-A40D-4013-A271-B129611AA735}.Release|Any CPU.Build.0 = Release|Any CPU
		{EFFD5BA6-B5C2-4DDB-A3C9-FA6EF3E7A6FA}.Debug|Any CPU.ActiveCfg = Debug|Any CPU
		{EFFD5BA6-B5C2-4DDB-A3C9-FA6EF3E7A6FA}.Debug|Any CPU.Build.0 = Debug|Any CPU
		{EFFD5BA6-B5C2-4DDB-A3C9-FA6EF3E7A6FA}.Release|Any CPU.ActiveCfg = Release|Any CPU
		{EFFD5BA6-B5C2-4DDB-A3C9-FA6EF3E7A6FA}.Release|Any CPU.Build.0 = Release|Any CPU
		{D7BDDC0C-8F7F-4C18-B18E-80F0CA56B0C4}.Debug|Any CPU.ActiveCfg = Debug|Any CPU
		{D7BDDC0C-8F7F-4C18-B18E-80F0CA56B0C4}.Debug|Any CPU.Build.0 = Debug|Any CPU
		{D7BDDC0C-8F7F-4C18-B18E-80F0CA56B0C4}.Release|Any CPU.ActiveCfg = Release|Any CPU
		{D7BDDC0C-8F7F-4C18-B18E-80F0CA56B0C4}.Release|Any CPU.Build.0 = Release|Any CPU
		{9301B12A-86C5-494C-A757-ED14E04CDAB8}.Debug|Any CPU.ActiveCfg = Debug|Any CPU
		{9301B12A-86C5-494C-A757-ED14E04CDAB8}.Debug|Any CPU.Build.0 = Debug|Any CPU
		{9301B12A-86C5-494C-A757-ED14E04CDAB8}.Release|Any CPU.ActiveCfg = Release|Any CPU
		{9301B12A-86C5-494C-A757-ED14E04CDAB8}.Release|Any CPU.Build.0 = Release|Any CPU
	EndGlobalSection
	GlobalSection(SolutionProperties) = preSolution
		HideSolutionNode = FALSE
	EndGlobalSection
	GlobalSection(ExtensibilityGlobals) = postSolution
		SolutionGuid = {846A2C9A-2197-45FC-953B-EDAAD3B4D358}
	EndGlobalSection
EndGlobal
